
Microsoft Visual Studio Solution File, Format Version 12.00
# Visual Studio Version 17
VisualStudioVersion = 17.0.32126.317
MinimumVisualStudioVersion = 10.0.40219.1
Project("{FAE04EC0-301F-11D3-BF4B-00C04F79EFBC}") = "SWE2_TP2_4", "SWE2_TP2_4.csproj", "{E3A4A003-FBA5-49DD-8DA9-90E482EA82AA}"
EndProject
Global
	GlobalSection(SolutionConfigurationPlatforms) = preSolution
		Debug|Any CPU = Debug|Any CPU
		Release|Any CPU = Release|Any CPU
	EndGlobalSection
	GlobalSection(ProjectConfigurationPlatforms) = postSolution
		{E3A4A003-FBA5-49DD-8DA9-90E482EA82AA}.Debug|Any CPU.ActiveCfg = Debug|Any CPU
		{E3A4A003-FBA5-49DD-8DA9-90E482EA82AA}.Debug|Any CPU.Build.0 = Debug|Any CPU
		{E3A4A003-FBA5-49DD-8DA9-90E482EA82AA}.Release|Any CPU.ActiveCfg = Release|Any CPU
		{E3A4A003-FBA5-49DD-8DA9-90E482EA82AA}.Release|Any CPU.Build.0 = Release|Any CPU
	EndGlobalSection
	GlobalSection(SolutionProperties) = preSolution
		HideSolutionNode = FALSE
	EndGlobalSection
	GlobalSection(ExtensibilityGlobals) = postSolution
		SolutionGuid = {97217AF3-2CFA-4F22-9FB1-EC05B434EED0}
	EndGlobalSection
EndGlobal
